
Microsoft Visual Studio Solution File, Format Version 12.00
# Visual Studio Version 17
VisualStudioVersion = 17.8.34408.163
MinimumVisualStudioVersion = 10.0.40219.1
Project("{FAE04EC0-301F-11D3-BF4B-00C04F79EFBC}") = "ValorPagamento", "ValorPagamento\ValorPagamento.csproj", "{527C1D0F-7E94-40A2-95E0-36A5AAC78624}"
EndProject
Global
	GlobalSection(SolutionConfigurationPlatforms) = preSolution
		Debug|Any CPU = Debug|Any CPU
		Release|Any CPU = Release|Any CPU
	EndGlobalSection
	GlobalSection(ProjectConfigurationPlatforms) = postSolution
		{527C1D0F-7E94-40A2-95E0-36A5AAC78624}.Debug|Any CPU.ActiveCfg = Debug|Any CPU
		{527C1D0F-7E94-40A2-95E0-36A5AAC78624}.Debug|Any CPU.Build.0 = Debug|Any CPU
		{527C1D0F-7E94-40A2-95E0-36A5AAC78624}.Release|Any CPU.ActiveCfg = Release|Any CPU
		{527C1D0F-7E94-40A2-95E0-36A5AAC78624}.Release|Any CPU.Build.0 = Release|Any CPU
	EndGlobalSection
	GlobalSection(SolutionProperties) = preSolution
		HideSolutionNode = FALSE
	EndGlobalSection
	GlobalSection(ExtensibilityGlobals) = postSolution
		SolutionGuid = {26E516A3-FCB6-478C-93D6-F09EAFDECECE}
	EndGlobalSection
EndGlobal
