
Microsoft Visual Studio Solution File, Format Version 12.00
# Visual Studio Version 17
VisualStudioVersion = 17.8.34408.163
MinimumVisualStudioVersion = 10.0.40219.1
Project("{FAE04EC0-301F-11D3-BF4B-00C04F79EFBC}") = "SegundoExercicio", "SegundoExercicio\SegundoExercicio.csproj", "{A5390CEE-BBC9-4C08-830F-E11F2BCB5124}"
EndProject
Global
	GlobalSection(SolutionConfigurationPlatforms) = preSolution
		Debug|Any CPU = Debug|Any CPU
		Release|Any CPU = Release|Any CPU
	EndGlobalSection
	GlobalSection(ProjectConfigurationPlatforms) = postSolution
		{A5390CEE-BBC9-4C08-830F-E11F2BCB5124}.Debug|Any CPU.ActiveCfg = Debug|Any CPU
		{A5390CEE-BBC9-4C08-830F-E11F2BCB5124}.Debug|Any CPU.Build.0 = Debug|Any CPU
		{A5390CEE-BBC9-4C08-830F-E11F2BCB5124}.Release|Any CPU.ActiveCfg = Release|Any CPU
		{A5390CEE-BBC9-4C08-830F-E11F2BCB5124}.Release|Any CPU.Build.0 = Release|Any CPU
	EndGlobalSection
	GlobalSection(SolutionProperties) = preSolution
		HideSolutionNode = FALSE
	EndGlobalSection
	GlobalSection(ExtensibilityGlobals) = postSolution
		SolutionGuid = {40EC2B87-CB07-42EE-90CC-2B291290610B}
	EndGlobalSection
EndGlobal
