
Microsoft Visual Studio Solution File, Format Version 12.00
# Visual Studio Version 17
VisualStudioVersion = 17.8.34408.163
MinimumVisualStudioVersion = 10.0.40219.1
Project("{FAE04EC0-301F-11D3-BF4B-00C04F79EFBC}") = "QuartoExercicio", "QuartoExercicio\QuartoExercicio.csproj", "{4410DEDC-2664-46F0-9F00-47B816D4DD30}"
EndProject
Global
	GlobalSection(SolutionConfigurationPlatforms) = preSolution
		Debug|Any CPU = Debug|Any CPU
		Release|Any CPU = Release|Any CPU
	EndGlobalSection
	GlobalSection(ProjectConfigurationPlatforms) = postSolution
		{4410DEDC-2664-46F0-9F00-47B816D4DD30}.Debug|Any CPU.ActiveCfg = Debug|Any CPU
		{4410DEDC-2664-46F0-9F00-47B816D4DD30}.Debug|Any CPU.Build.0 = Debug|Any CPU
		{4410DEDC-2664-46F0-9F00-47B816D4DD30}.Release|Any CPU.ActiveCfg = Release|Any CPU
		{4410DEDC-2664-46F0-9F00-47B816D4DD30}.Release|Any CPU.Build.0 = Release|Any CPU
	EndGlobalSection
	GlobalSection(SolutionProperties) = preSolution
		HideSolutionNode = FALSE
	EndGlobalSection
	GlobalSection(ExtensibilityGlobals) = postSolution
		SolutionGuid = {7B41C71B-5631-43AE-91F2-5E3F37C74437}
	EndGlobalSection
EndGlobal
